
Microsoft Visual Studio Solution File, Format Version 12.00
# Visual Studio 15
VisualStudioVersion = 15.0.27428.2037
MinimumVisualStudioVersion = 10.0.40219.1
Project("{FAE04EC0-301F-11D3-BF4B-00C04F79EFBC}") = "PluginTemplates", "PluginTemplates\PluginTemplates.csproj", "{5F9DC2C9-8F04-49BE-8F44-1FA90308D2D1}"
EndProject
Project("{FAE04EC0-301F-11D3-BF4B-00C04F79EFBC}") = "PaidOnQualification", "PaidOnQualification\PaidOnQualification.csproj", "{B9930116-935C-48C0-AC8C-DD1B15F78124}"
EndProject
Project("{FAE04EC0-301F-11D3-BF4B-00C04F79EFBC}") = "IsPaidRank", "IsPaidRank\IsPaidRank.csproj", "{19C37B70-6233-4053-847E-54429532CA56}"
EndProject
Project("{FAE04EC0-301F-11D3-BF4B-00C04F79EFBC}") = "IsDistributorsCommissionable", "IsDistributorsCommissionable\IsDistributorsCommissionable.csproj", "{2E4F3B5B-FCFC-4623-9F4B-A9F93DB62C31}"
EndProject
Project("{FAE04EC0-301F-11D3-BF4B-00C04F79EFBC}") = "IsDistributorIsCustomerPaidOn", "IsDistributorIsCustomerPaidOn\IsDistributorIsCustomerPaidOn.csproj", "{88C84FB4-8CEB-4981-8B21-BDC6069EB652}"
EndProject
Project("{FAE04EC0-301F-11D3-BF4B-00C04F79EFBC}") = "CustomerExtensions", "CustomerExtensions\CustomerExtensions.csproj", "{BD811E36-0D32-4F63-ACD4-0D2505C31F6F}"
EndProject
Project("{FAE04EC0-301F-11D3-BF4B-00C04F79EFBC}") = "IsInTreePaidOn", "IsInTreePaidOn\IsInTreePaidOn.csproj", "{B25DCED4-C21B-45C9-80A2-D1163131629E}"
EndProject
Project("{FAE04EC0-301F-11D3-BF4B-00C04F79EFBC}") = "IsInTreePaidToQualifier", "IsInTreePaidToQualifier\IsInTreePaidToQualifier.csproj", "{16CD6FFD-330D-42D5-94C1-F68CFCDE2CF0}"
EndProject
Project("{FAE04EC0-301F-11D3-BF4B-00C04F79EFBC}") = "IsOther10Order", "IsOther10Order\IsOther10Order.csproj", "{7A90ED5F-CCCE-41C5-824C-9C74C936A2A8}"
EndProject
Project("{FAE04EC0-301F-11D3-BF4B-00C04F79EFBC}") = "IsOther9Order", "IsOther9Order\IsOther9Order.csproj", "{B5AF924D-B43B-4D88-A0C3-FFE6753E55E0}"
EndProject
Project("{FAE04EC0-301F-11D3-BF4B-00C04F79EFBC}") = "IsOther8Order", "IsOther8Order\IsOther8Order.csproj", "{6C384C88-4DDB-4BEB-A2F7-8E3958205F87}"
EndProject
Project("{FAE04EC0-301F-11D3-BF4B-00C04F79EFBC}") = "IsOther7Order", "IsOther7Order\IsOther7Order.csproj", "{E18D66CE-B4CC-4F4F-9492-3D15E1855FD1}"
EndProject
Project("{FAE04EC0-301F-11D3-BF4B-00C04F79EFBC}") = "IsOther6Order", "IsOther6Order\IsOther6Order.csproj", "{2AA8964A-4137-4571-ADEF-0B0CC58943F2}"
EndProject
Project("{FAE04EC0-301F-11D3-BF4B-00C04F79EFBC}") = "IsOther5Order", "IsOther5Order\IsOther5Order.csproj", "{CC3FF8FB-7EDC-400F-97BD-09B88BC30E81}"
EndProject
Project("{FAE04EC0-301F-11D3-BF4B-00C04F79EFBC}") = "IsOther4Order", "IsOther4Order\IsOther4Order.csproj", "{11D54D14-B3DF-44A3-AE97-5004AFB00E2F}"
EndProject
Project("{FAE04EC0-301F-11D3-BF4B-00C04F79EFBC}") = "IsOther3Order", "IsOther3Order\IsOther3Order.csproj", "{99014534-0AB1-41AB-BAB4-DD9AA331001A}"
EndProject
Project("{FAE04EC0-301F-11D3-BF4B-00C04F79EFBC}") = "IsOther2Order", "IsOther2Order\IsOther2Order.csproj", "{19E41083-69FD-4C9C-BD42-73F539059653}"
EndProject
Project("{FAE04EC0-301F-11D3-BF4B-00C04F79EFBC}") = "IsOther1Order", "IsOther1Order\IsOther1Order.csproj", "{A0F05283-7C1D-495A-9A6D-C64919087081}"
EndProject
Project("{FAE04EC0-301F-11D3-BF4B-00C04F79EFBC}") = "IsCustomerPaidOn", "IsCustomerPaidOn\IsCustomerPaidOn.csproj", "{F55AE53C-84D0-483B-BC5B-2502EF44E423}"
EndProject
Project("{FAE04EC0-301F-11D3-BF4B-00C04F79EFBC}") = "IsCommissionable", "IsCommissionable\IsCommissionable.csproj", "{45EDB622-0197-4CFF-A439-79E2760221D4}"
EndProject
Project("{FAE04EC0-301F-11D3-BF4B-00C04F79EFBC}") = "PaidOnQualifier", "PaidOnQualifier\PaidOnQualifier.csproj", "{0A79BCE3-39E4-4F17-B901-B8FA7954847E}"
EndProject
Project("{FAE04EC0-301F-11D3-BF4B-00C04F79EFBC}") = "CommissionQualified", "CommissionQualified\CommissionQualified.csproj", "{57928656-0C88-4731-9F30-110BF741DC61}"
EndProject
Project("{FAE04EC0-301F-11D3-BF4B-00C04F79EFBC}") = "IsInBinaryTree", "IsInBinaryTree\IsInBinaryTree.csproj", "{A4FED1A0-CA5C-4891-AF51-FD95ECBA9ADE}"
EndProject
Project("{FAE04EC0-301F-11D3-BF4B-00C04F79EFBC}") = "IsInBinaryTreePaidOn", "IsInBinaryTreePaidOn\IsInBinaryTreePaidOn.csproj", "{3B60D43E-705F-4C80-927C-8ACA38A520AF}"
EndProject
Project("{FAE04EC0-301F-11D3-BF4B-00C04F79EFBC}") = "IsInMatrixTree", "IsInMatrixTree\IsInMatrixTree.csproj", "{1EDA7E06-F487-470D-88F5-C37588B81F2E}"
EndProject
Project("{FAE04EC0-301F-11D3-BF4B-00C04F79EFBC}") = "IsInMatrixTreePaidOn", "IsInMatrixTreePaidOn\IsInMatrixTreePaidOn.csproj", "{5D86EE4E-8C0C-4AD8-990C-8F804E492AA7}"
EndProject
Project("{FAE04EC0-301F-11D3-BF4B-00C04F79EFBC}") = "IsInUnilevelTree", "IsInUnilevelTree\IsInUnilevelTree.csproj", "{7690A85A-7360-46CE-88A0-84F580ADDC5E}"
EndProject
Project("{FAE04EC0-301F-11D3-BF4B-00C04F79EFBC}") = "IsInUnilevelTreePaidOn", "IsInUnilevelTreePaidOn\IsInUnilevelTreePaidOn.csproj", "{44A58BE7-6C57-487E-B636-6B8C8B6F2748}"
EndProject
Global
	GlobalSection(SolutionConfigurationPlatforms) = preSolution
		Debug|Any CPU = Debug|Any CPU
		Release|Any CPU = Release|Any CPU
	EndGlobalSection
	GlobalSection(ProjectConfigurationPlatforms) = postSolution
		{5F9DC2C9-8F04-49BE-8F44-1FA90308D2D1}.Debug|Any CPU.ActiveCfg = Debug|Any CPU
		{5F9DC2C9-8F04-49BE-8F44-1FA90308D2D1}.Debug|Any CPU.Build.0 = Debug|Any CPU
		{5F9DC2C9-8F04-49BE-8F44-1FA90308D2D1}.Release|Any CPU.ActiveCfg = Release|Any CPU
		{5F9DC2C9-8F04-49BE-8F44-1FA90308D2D1}.Release|Any CPU.Build.0 = Release|Any CPU
		{B9930116-935C-48C0-AC8C-DD1B15F78124}.Debug|Any CPU.ActiveCfg = Debug|Any CPU
		{B9930116-935C-48C0-AC8C-DD1B15F78124}.Debug|Any CPU.Build.0 = Debug|Any CPU
		{B9930116-935C-48C0-AC8C-DD1B15F78124}.Release|Any CPU.ActiveCfg = Release|Any CPU
		{B9930116-935C-48C0-AC8C-DD1B15F78124}.Release|Any CPU.Build.0 = Release|Any CPU
		{19C37B70-6233-4053-847E-54429532CA56}.Debug|Any CPU.ActiveCfg = Debug|Any CPU
		{19C37B70-6233-4053-847E-54429532CA56}.Debug|Any CPU.Build.0 = Debug|Any CPU
		{19C37B70-6233-4053-847E-54429532CA56}.Release|Any CPU.ActiveCfg = Release|Any CPU
		{19C37B70-6233-4053-847E-54429532CA56}.Release|Any CPU.Build.0 = Release|Any CPU
		{2E4F3B5B-FCFC-4623-9F4B-A9F93DB62C31}.Debug|Any CPU.ActiveCfg = Debug|Any CPU
		{2E4F3B5B-FCFC-4623-9F4B-A9F93DB62C31}.Debug|Any CPU.Build.0 = Debug|Any CPU
		{2E4F3B5B-FCFC-4623-9F4B-A9F93DB62C31}.Release|Any CPU.ActiveCfg = Release|Any CPU
		{2E4F3B5B-FCFC-4623-9F4B-A9F93DB62C31}.Release|Any CPU.Build.0 = Release|Any CPU
		{88C84FB4-8CEB-4981-8B21-BDC6069EB652}.Debug|Any CPU.ActiveCfg = Debug|Any CPU
		{88C84FB4-8CEB-4981-8B21-BDC6069EB652}.Debug|Any CPU.Build.0 = Debug|Any CPU
		{88C84FB4-8CEB-4981-8B21-BDC6069EB652}.Release|Any CPU.ActiveCfg = Release|Any CPU
		{88C84FB4-8CEB-4981-8B21-BDC6069EB652}.Release|Any CPU.Build.0 = Release|Any CPU
		{BD811E36-0D32-4F63-ACD4-0D2505C31F6F}.Debug|Any CPU.ActiveCfg = Debug|Any CPU
		{BD811E36-0D32-4F63-ACD4-0D2505C31F6F}.Debug|Any CPU.Build.0 = Debug|Any CPU
		{BD811E36-0D32-4F63-ACD4-0D2505C31F6F}.Release|Any CPU.ActiveCfg = Release|Any CPU
		{BD811E36-0D32-4F63-ACD4-0D2505C31F6F}.Release|Any CPU.Build.0 = Release|Any CPU
		{B25DCED4-C21B-45C9-80A2-D1163131629E}.Debug|Any CPU.ActiveCfg = Debug|Any CPU
		{B25DCED4-C21B-45C9-80A2-D1163131629E}.Debug|Any CPU.Build.0 = Debug|Any CPU
		{B25DCED4-C21B-45C9-80A2-D1163131629E}.Release|Any CPU.ActiveCfg = Release|Any CPU
		{B25DCED4-C21B-45C9-80A2-D1163131629E}.Release|Any CPU.Build.0 = Release|Any CPU
		{16CD6FFD-330D-42D5-94C1-F68CFCDE2CF0}.Debug|Any CPU.ActiveCfg = Debug|Any CPU
		{16CD6FFD-330D-42D5-94C1-F68CFCDE2CF0}.Debug|Any CPU.Build.0 = Debug|Any CPU
		{16CD6FFD-330D-42D5-94C1-F68CFCDE2CF0}.Release|Any CPU.ActiveCfg = Release|Any CPU
		{16CD6FFD-330D-42D5-94C1-F68CFCDE2CF0}.Release|Any CPU.Build.0 = Release|Any CPU
		{7A90ED5F-CCCE-41C5-824C-9C74C936A2A8}.Debug|Any CPU.ActiveCfg = Debug|Any CPU
		{7A90ED5F-CCCE-41C5-824C-9C74C936A2A8}.Debug|Any CPU.Build.0 = Debug|Any CPU
		{7A90ED5F-CCCE-41C5-824C-9C74C936A2A8}.Release|Any CPU.ActiveCfg = Release|Any CPU
		{7A90ED5F-CCCE-41C5-824C-9C74C936A2A8}.Release|Any CPU.Build.0 = Release|Any CPU
		{B5AF924D-B43B-4D88-A0C3-FFE6753E55E0}.Debug|Any CPU.ActiveCfg = Debug|Any CPU
		{B5AF924D-B43B-4D88-A0C3-FFE6753E55E0}.Debug|Any CPU.Build.0 = Debug|Any CPU
		{B5AF924D-B43B-4D88-A0C3-FFE6753E55E0}.Release|Any CPU.ActiveCfg = Release|Any CPU
		{B5AF924D-B43B-4D88-A0C3-FFE6753E55E0}.Release|Any CPU.Build.0 = Release|Any CPU
		{6C384C88-4DDB-4BEB-A2F7-8E3958205F87}.Debug|Any CPU.ActiveCfg = Debug|Any CPU
		{6C384C88-4DDB-4BEB-A2F7-8E3958205F87}.Debug|Any CPU.Build.0 = Debug|Any CPU
		{6C384C88-4DDB-4BEB-A2F7-8E3958205F87}.Release|Any CPU.ActiveCfg = Release|Any CPU
		{6C384C88-4DDB-4BEB-A2F7-8E3958205F87}.Release|Any CPU.Build.0 = Release|Any CPU
		{E18D66CE-B4CC-4F4F-9492-3D15E1855FD1}.Debug|Any CPU.ActiveCfg = Debug|Any CPU
		{E18D66CE-B4CC-4F4F-9492-3D15E1855FD1}.Debug|Any CPU.Build.0 = Debug|Any CPU
		{E18D66CE-B4CC-4F4F-9492-3D15E1855FD1}.Release|Any CPU.ActiveCfg = Release|Any CPU
		{E18D66CE-B4CC-4F4F-9492-3D15E1855FD1}.Release|Any CPU.Build.0 = Release|Any CPU
		{2AA8964A-4137-4571-ADEF-0B0CC58943F2}.Debug|Any CPU.ActiveCfg = Debug|Any CPU
		{2AA8964A-4137-4571-ADEF-0B0CC58943F2}.Debug|Any CPU.Build.0 = Debug|Any CPU
		{2AA8964A-4137-4571-ADEF-0B0CC58943F2}.Release|Any CPU.ActiveCfg = Release|Any CPU
		{2AA8964A-4137-4571-ADEF-0B0CC58943F2}.Release|Any CPU.Build.0 = Release|Any CPU
		{CC3FF8FB-7EDC-400F-97BD-09B88BC30E81}.Debug|Any CPU.ActiveCfg = Debug|Any CPU
		{CC3FF8FB-7EDC-400F-97BD-09B88BC30E81}.Debug|Any CPU.Build.0 = Debug|Any CPU
		{CC3FF8FB-7EDC-400F-97BD-09B88BC30E81}.Release|Any CPU.ActiveCfg = Release|Any CPU
		{CC3FF8FB-7EDC-400F-97BD-09B88BC30E81}.Release|Any CPU.Build.0 = Release|Any CPU
		{11D54D14-B3DF-44A3-AE97-5004AFB00E2F}.Debug|Any CPU.ActiveCfg = Debug|Any CPU
		{11D54D14-B3DF-44A3-AE97-5004AFB00E2F}.Debug|Any CPU.Build.0 = Debug|Any CPU
		{11D54D14-B3DF-44A3-AE97-5004AFB00E2F}.Release|Any CPU.ActiveCfg = Release|Any CPU
		{11D54D14-B3DF-44A3-AE97-5004AFB00E2F}.Release|Any CPU.Build.0 = Release|Any CPU
		{99014534-0AB1-41AB-BAB4-DD9AA331001A}.Debug|Any CPU.ActiveCfg = Debug|Any CPU
		{99014534-0AB1-41AB-BAB4-DD9AA331001A}.Debug|Any CPU.Build.0 = Debug|Any CPU
		{99014534-0AB1-41AB-BAB4-DD9AA331001A}.Release|Any CPU.ActiveCfg = Release|Any CPU
		{99014534-0AB1-41AB-BAB4-DD9AA331001A}.Release|Any CPU.Build.0 = Release|Any CPU
		{19E41083-69FD-4C9C-BD42-73F539059653}.Debug|Any CPU.ActiveCfg = Debug|Any CPU
		{19E41083-69FD-4C9C-BD42-73F539059653}.Debug|Any CPU.Build.0 = Debug|Any CPU
		{19E41083-69FD-4C9C-BD42-73F539059653}.Release|Any CPU.ActiveCfg = Release|Any CPU
		{19E41083-69FD-4C9C-BD42-73F539059653}.Release|Any CPU.Build.0 = Release|Any CPU
		{A0F05283-7C1D-495A-9A6D-C64919087081}.Debug|Any CPU.ActiveCfg = Debug|Any CPU
		{A0F05283-7C1D-495A-9A6D-C64919087081}.Debug|Any CPU.Build.0 = Debug|Any CPU
		{A0F05283-7C1D-495A-9A6D-C64919087081}.Release|Any CPU.ActiveCfg = Release|Any CPU
		{A0F05283-7C1D-495A-9A6D-C64919087081}.Release|Any CPU.Build.0 = Release|Any CPU
		{F55AE53C-84D0-483B-BC5B-2502EF44E423}.Debug|Any CPU.ActiveCfg = Debug|Any CPU
		{F55AE53C-84D0-483B-BC5B-2502EF44E423}.Debug|Any CPU.Build.0 = Debug|Any CPU
		{F55AE53C-84D0-483B-BC5B-2502EF44E423}.Release|Any CPU.ActiveCfg = Release|Any CPU
		{F55AE53C-84D0-483B-BC5B-2502EF44E423}.Release|Any CPU.Build.0 = Release|Any CPU
		{45EDB622-0197-4CFF-A439-79E2760221D4}.Debug|Any CPU.ActiveCfg = Debug|Any CPU
		{45EDB622-0197-4CFF-A439-79E2760221D4}.Debug|Any CPU.Build.0 = Debug|Any CPU
		{45EDB622-0197-4CFF-A439-79E2760221D4}.Release|Any CPU.ActiveCfg = Release|Any CPU
		{45EDB622-0197-4CFF-A439-79E2760221D4}.Release|Any CPU.Build.0 = Release|Any CPU
		{0A79BCE3-39E4-4F17-B901-B8FA7954847E}.Debug|Any CPU.ActiveCfg = Debug|Any CPU
		{0A79BCE3-39E4-4F17-B901-B8FA7954847E}.Debug|Any CPU.Build.0 = Debug|Any CPU
		{0A79BCE3-39E4-4F17-B901-B8FA7954847E}.Release|Any CPU.ActiveCfg = Release|Any CPU
		{0A79BCE3-39E4-4F17-B901-B8FA7954847E}.Release|Any CPU.Build.0 = Release|Any CPU
		{57928656-0C88-4731-9F30-110BF741DC61}.Debug|Any CPU.ActiveCfg = Debug|Any CPU
		{57928656-0C88-4731-9F30-110BF741DC61}.Debug|Any CPU.Build.0 = Debug|Any CPU
		{57928656-0C88-4731-9F30-110BF741DC61}.Release|Any CPU.ActiveCfg = Release|Any CPU
		{57928656-0C88-4731-9F30-110BF741DC61}.Release|Any CPU.Build.0 = Release|Any CPU
		{A4FED1A0-CA5C-4891-AF51-FD95ECBA9ADE}.Debug|Any CPU.ActiveCfg = Debug|Any CPU
		{A4FED1A0-CA5C-4891-AF51-FD95ECBA9ADE}.Debug|Any CPU.Build.0 = Debug|Any CPU
		{A4FED1A0-CA5C-4891-AF51-FD95ECBA9ADE}.Release|Any CPU.ActiveCfg = Release|Any CPU
		{A4FED1A0-CA5C-4891-AF51-FD95ECBA9ADE}.Release|Any CPU.Build.0 = Release|Any CPU
		{3B60D43E-705F-4C80-927C-8ACA38A520AF}.Debug|Any CPU.ActiveCfg = Debug|Any CPU
		{3B60D43E-705F-4C80-927C-8ACA38A520AF}.Debug|Any CPU.Build.0 = Debug|Any CPU
		{3B60D43E-705F-4C80-927C-8ACA38A520AF}.Release|Any CPU.ActiveCfg = Release|Any CPU
		{3B60D43E-705F-4C80-927C-8ACA38A520AF}.Release|Any CPU.Build.0 = Release|Any CPU
		{1EDA7E06-F487-470D-88F5-C37588B81F2E}.Debug|Any CPU.ActiveCfg = Debug|Any CPU
		{1EDA7E06-F487-470D-88F5-C37588B81F2E}.Debug|Any CPU.Build.0 = Debug|Any CPU
		{1EDA7E06-F487-470D-88F5-C37588B81F2E}.Release|Any CPU.ActiveCfg = Release|Any CPU
		{1EDA7E06-F487-470D-88F5-C37588B81F2E}.Release|Any CPU.Build.0 = Release|Any CPU
		{5D86EE4E-8C0C-4AD8-990C-8F804E492AA7}.Debug|Any CPU.ActiveCfg = Debug|Any CPU
		{5D86EE4E-8C0C-4AD8-990C-8F804E492AA7}.Debug|Any CPU.Build.0 = Debug|Any CPU
		{5D86EE4E-8C0C-4AD8-990C-8F804E492AA7}.Release|Any CPU.ActiveCfg = Release|Any CPU
		{5D86EE4E-8C0C-4AD8-990C-8F804E492AA7}.Release|Any CPU.Build.0 = Release|Any CPU
		{7690A85A-7360-46CE-88A0-84F580ADDC5E}.Debug|Any CPU.ActiveCfg = Debug|Any CPU
		{7690A85A-7360-46CE-88A0-84F580ADDC5E}.Debug|Any CPU.Build.0 = Debug|Any CPU
		{7690A85A-7360-46CE-88A0-84F580ADDC5E}.Release|Any CPU.ActiveCfg = Release|Any CPU
		{7690A85A-7360-46CE-88A0-84F580ADDC5E}.Release|Any CPU.Build.0 = Release|Any CPU
		{44A58BE7-6C57-487E-B636-6B8C8B6F2748}.Debug|Any CPU.ActiveCfg = Debug|Any CPU
		{44A58BE7-6C57-487E-B636-6B8C8B6F2748}.Debug|Any CPU.Build.0 = Debug|Any CPU
		{44A58BE7-6C57-487E-B636-6B8C8B6F2748}.Release|Any CPU.ActiveCfg = Release|Any CPU
		{44A58BE7-6C57-487E-B636-6B8C8B6F2748}.Release|Any CPU.Build.0 = Release|Any CPU
	EndGlobalSection
	GlobalSection(SolutionProperties) = preSolution
		HideSolutionNode = FALSE
	EndGlobalSection
	GlobalSection(ExtensibilityGlobals) = postSolution
		SolutionGuid = {BCE6E301-515C-4FF0-AE11-3E30CBF0AA5F}
	EndGlobalSection
EndGlobal
